// !$*UTF8*$!
{
	archiveVersion = 1;
	classes = {
	};
	objectVersion = 56;
	objects = {

/* Begin PBXBuildFile section */
		40A3314C2BB21AE3005BCE19 /* ContentViewModel.swift in Sources */ = {isa = PBXBuildFile; fileRef = 40A3314B2BB21AE3005BCE19 /* ContentViewModel.swift */; };
		40A588CE2BAF446D002EEA6D /* ColorApp.swift in Sources */ = {isa = PBXBuildFile; fileRef = 40A588CD2BAF446D002EEA6D /* ColorApp.swift */; };
		40A588D02BAF446D002EEA6D /* ContentView.swift in Sources */ = {isa = PBXBuildFile; fileRef = 40A588CF2BAF446D002EEA6D /* ContentView.swift */; };
		40A588D22BAF446E002EEA6D /* Assets.xcassets in Resources */ = {isa = PBXBuildFile; fileRef = 40A588D12BAF446E002EEA6D /* Assets.xcassets */; };
		40A588D52BAF446E002EEA6D /* Preview Assets.xcassets in Resources */ = {isa = PBXBuildFile; fileRef = 40A588D42BAF446E002EEA6D /* Preview Assets.xcassets */; };
		40A588DC2BAF5097002EEA6D /* ColorRow.swift in Sources */ = {isa = PBXBuildFile; fileRef = 40A588DB2BAF5097002EEA6D /* ColorRow.swift */; };
		40A588E52BAF952E002EEA6D /* AppService.swift in Sources */ = {isa = PBXBuildFile; fileRef = 40A588E42BAF952E002EEA6D /* AppService.swift */; };
		40A588F12BAFC02F002EEA6D /* RGB.swift in Sources */ = {isa = PBXBuildFile; fileRef = 40A588F02BAFC02F002EEA6D /* RGB.swift */; };
		40A588F32BAFC294002EEA6D /* Dataset in Resources */ = {isa = PBXBuildFile; fileRef = 40A588F22BAFC294002EEA6D /* Dataset */; };
		40A588F62BAFE03C002EEA6D /* Extensions.swift in Sources */ = {isa = PBXBuildFile; fileRef = 40A588F52BAFE03C002EEA6D /* Extensions.swift */; };
		40FEBB0D2C5C463200483485 /* CouchbaseLiteVectorSearch.xcframework in Frameworks */ = {isa = PBXBuildFile; fileRef = 40FEBB0B2C5C463200483485 /* CouchbaseLiteVectorSearch.xcframework */; };
		40FEBB0E2C5C463200483485 /* CouchbaseLiteVectorSearch.xcframework in Embed Frameworks */ = {isa = PBXBuildFile; fileRef = 40FEBB0B2C5C463200483485 /* CouchbaseLiteVectorSearch.xcframework */; settings = {ATTRIBUTES = (CodeSignOnCopy, RemoveHeadersOnCopy, ); }; };
		40FEBB0F2C5C463200483485 /* CouchbaseLiteSwift.xcframework in Frameworks */ = {isa = PBXBuildFile; fileRef = 40FEBB0C2C5C463200483485 /* CouchbaseLiteSwift.xcframework */; };
		40FEBB102C5C463200483485 /* CouchbaseLiteSwift.xcframework in Embed Frameworks */ = {isa = PBXBuildFile; fileRef = 40FEBB0C2C5C463200483485 /* CouchbaseLiteSwift.xcframework */; settings = {ATTRIBUTES = (CodeSignOnCopy, RemoveHeadersOnCopy, ); }; };
/* End PBXBuildFile section */

/* Begin PBXCopyFilesBuildPhase section */
		40FEBB112C5C463200483485 /* Embed Frameworks */ = {
			isa = PBXCopyFilesBuildPhase;
			buildActionMask = 2147483647;
			dstPath = "";
			dstSubfolderSpec = 10;
			files = (
				40FEBB0E2C5C463200483485 /* CouchbaseLiteVectorSearch.xcframework in Embed Frameworks */,
				40FEBB102C5C463200483485 /* CouchbaseLiteSwift.xcframework in Embed Frameworks */,
			);
			name = "Embed Frameworks";
			runOnlyForDeploymentPostprocessing = 0;
		};
/* End PBXCopyFilesBuildPhase section */

/* Begin PBXFileReference section */
		40A3314B2BB21AE3005BCE19 /* ContentViewModel.swift */ = {isa = PBXFileReference; lastKnownFileType = sourcecode.swift; path = ContentViewModel.swift; sourceTree = "<group>"; };
		40A588CA2BAF446D002EEA6D /* Color.app */ = {isa = PBXFileReference; explicitFileType = wrapper.application; includeInIndex = 0; path = Color.app; sourceTree = BUILT_PRODUCTS_DIR; };
		40A588CD2BAF446D002EEA6D /* ColorApp.swift */ = {isa = PBXFileReference; lastKnownFileType = sourcecode.swift; path = ColorApp.swift; sourceTree = "<group>"; };
		40A588CF2BAF446D002EEA6D /* ContentView.swift */ = {isa = PBXFileReference; lastKnownFileType = sourcecode.swift; path = ContentView.swift; sourceTree = "<group>"; };
		40A588D12BAF446E002EEA6D /* Assets.xcassets */ = {isa = PBXFileReference; lastKnownFileType = folder.assetcatalog; path = Assets.xcassets; sourceTree = "<group>"; };
		40A588D42BAF446E002EEA6D /* Preview Assets.xcassets */ = {isa = PBXFileReference; lastKnownFileType = folder.assetcatalog; path = "Preview Assets.xcassets"; sourceTree = "<group>"; };
		40A588DB2BAF5097002EEA6D /* ColorRow.swift */ = {isa = PBXFileReference; lastKnownFileType = sourcecode.swift; path = ColorRow.swift; sourceTree = "<group>"; };
		40A588E42BAF952E002EEA6D /* AppService.swift */ = {isa = PBXFileReference; lastKnownFileType = sourcecode.swift; path = AppService.swift; sourceTree = "<group>"; };
		40A588F02BAFC02F002EEA6D /* RGB.swift */ = {isa = PBXFileReference; lastKnownFileType = sourcecode.swift; path = RGB.swift; sourceTree = "<group>"; };
		40A588F22BAFC294002EEA6D /* Dataset */ = {isa = PBXFileReference; lastKnownFileType = folder; path = Dataset; sourceTree = "<group>"; };
		40A588F52BAFE03C002EEA6D /* Extensions.swift */ = {isa = PBXFileReference; lastKnownFileType = sourcecode.swift; path = Extensions.swift; sourceTree = "<group>"; };
		40FEBB0B2C5C463200483485 /* CouchbaseLiteVectorSearch.xcframework */ = {isa = PBXFileReference; lastKnownFileType = wrapper.xcframework; name = CouchbaseLiteVectorSearch.xcframework; path = Frameworks/CouchbaseLiteVectorSearch.xcframework; sourceTree = "<group>"; };
		40FEBB0C2C5C463200483485 /* CouchbaseLiteSwift.xcframework */ = {isa = PBXFileReference; lastKnownFileType = wrapper.xcframework; name = CouchbaseLiteSwift.xcframework; path = Frameworks/CouchbaseLiteSwift.xcframework; sourceTree = "<group>"; };
/* End PBXFileReference section */

/* Begin PBXFrameworksBuildPhase section */
		40A588C72BAF446D002EEA6D /* Frameworks */ = {
			isa = PBXFrameworksBuildPhase;
			buildActionMask = 2147483647;
			files = (
				40FEBB0D2C5C463200483485 /* CouchbaseLiteVectorSearch.xcframework in Frameworks */,
				40FEBB0F2C5C463200483485 /* CouchbaseLiteSwift.xcframework in Frameworks */,
			);
			runOnlyForDeploymentPostprocessing = 0;
		};
/* End PBXFrameworksBuildPhase section */

/* Begin PBXGroup section */
		40A588C12BAF446D002EEA6D = {
			isa = PBXGroup;
			children = (
				40A588CC2BAF446D002EEA6D /* Color */,
				40A588CB2BAF446D002EEA6D /* Products */,
				40FEBB0A2C5C463200483485 /* Frameworks */,
			);
			sourceTree = "<group>";
		};
		40A588CB2BAF446D002EEA6D /* Products */ = {
			isa = PBXGroup;
			children = (
				40A588CA2BAF446D002EEA6D /* Color.app */,
			);
			name = Products;
			sourceTree = "<group>";
		};
		40A588CC2BAF446D002EEA6D /* Color */ = {
			isa = PBXGroup;
			children = (
				40A588E32BAF9516002EEA6D /* Service */,
				40A588F72BB0B852002EEA6D /* Model */,
				40A588DF2BAF947B002EEA6D /* View */,
				40A588F42BAFE02B002EEA6D /* Util */,
				40A588CD2BAF446D002EEA6D /* ColorApp.swift */,
				40A588D12BAF446E002EEA6D /* Assets.xcassets */,
				40A588F22BAFC294002EEA6D /* Dataset */,
				40A588D32BAF446E002EEA6D /* Preview Content */,
			);
			path = Color;
			sourceTree = "<group>";
		};
		40A588D32BAF446E002EEA6D /* Preview Content */ = {
			isa = PBXGroup;
			children = (
				40A588D42BAF446E002EEA6D /* Preview Assets.xcassets */,
			);
			path = "Preview Content";
			sourceTree = "<group>";
		};
		40A588DF2BAF947B002EEA6D /* View */ = {
			isa = PBXGroup;
			children = (
				40A588DB2BAF5097002EEA6D /* ColorRow.swift */,
				40A588CF2BAF446D002EEA6D /* ContentView.swift */,
			);
			path = View;
			sourceTree = "<group>";
		};
		40A588E32BAF9516002EEA6D /* Service */ = {
			isa = PBXGroup;
			children = (
				40A588E42BAF952E002EEA6D /* AppService.swift */,
			);
			path = Service;
			sourceTree = "<group>";
		};
		40A588F42BAFE02B002EEA6D /* Util */ = {
			isa = PBXGroup;
			children = (
				40A588F02BAFC02F002EEA6D /* RGB.swift */,
				40A588F52BAFE03C002EEA6D /* Extensions.swift */,
			);
			path = Util;
			sourceTree = "<group>";
		};
		40A588F72BB0B852002EEA6D /* Model */ = {
			isa = PBXGroup;
			children = (
				40A3314B2BB21AE3005BCE19 /* ContentViewModel.swift */,
			);
			path = Model;
			sourceTree = "<group>";
		};
		40FEBB0A2C5C463200483485 /* Frameworks */ = {
			isa = PBXGroup;
			children = (
				40FEBB0C2C5C463200483485 /* CouchbaseLiteSwift.xcframework */,
				40FEBB0B2C5C463200483485 /* CouchbaseLiteVectorSearch.xcframework */,
			);
			name = Frameworks;
			sourceTree = "<group>";
		};
/* End PBXGroup section */

/* Begin PBXNativeTarget section */
		40A588C92BAF446D002EEA6D /* Color */ = {
			isa = PBXNativeTarget;
			buildConfigurationList = 40A588D82BAF446E002EEA6D /* Build configuration list for PBXNativeTarget "Color" */;
			buildPhases = (
				40A588C62BAF446D002EEA6D /* Sources */,
				40A588C72BAF446D002EEA6D /* Frameworks */,
				40A588C82BAF446D002EEA6D /* Resources */,
				40FEBB112C5C463200483485 /* Embed Frameworks */,
			);
			buildRules = (
			);
			dependencies = (
			);
			name = Color;
			packageProductDependencies = (
			);
			productName = Color;
			productReference = 40A588CA2BAF446D002EEA6D /* Color.app */;
			productType = "com.apple.product-type.application";
		};
/* End PBXNativeTarget section */

/* Begin PBXProject section */
		40A588C22BAF446D002EEA6D /* Project object */ = {
			isa = PBXProject;
			attributes = {
				BuildIndependentTargetsInParallel = 1;
				LastSwiftUpdateCheck = 1530;
				LastUpgradeCheck = 1530;
				TargetAttributes = {
					40A588C92BAF446D002EEA6D = {
						CreatedOnToolsVersion = 15.3;
					};
				};
			};
			buildConfigurationList = 40A588C52BAF446D002EEA6D /* Build configuration list for PBXProject "Color" */;
			compatibilityVersion = "Xcode 14.0";
			developmentRegion = en;
			hasScannedForEncodings = 0;
			knownRegions = (
				en,
				Base,
			);
			mainGroup = 40A588C12BAF446D002EEA6D;
			packageReferences = (
			);
			productRefGroup = 40A588CB2BAF446D002EEA6D /* Products */;
			projectDirPath = "";
			projectRoot = "";
			targets = (
				40A588C92BAF446D002EEA6D /* Color */,
			);
		};
/* End PBXProject section */

/* Begin PBXResourcesBuildPhase section */
		40A588C82BAF446D002EEA6D /* Resources */ = {
			isa = PBXResourcesBuildPhase;
			buildActionMask = 2147483647;
			files = (
				40A588F32BAFC294002EEA6D /* Dataset in Resources */,
				40A588D52BAF446E002EEA6D /* Preview Assets.xcassets in Resources */,
				40A588D22BAF446E002EEA6D /* Assets.xcassets in Resources */,
			);
			runOnlyForDeploymentPostprocessing = 0;
		};
/* End PBXResourcesBuildPhase section */

/* Begin PBXSourcesBuildPhase section */
		40A588C62BAF446D002EEA6D /* Sources */ = {
			isa = PBXSourcesBuildPhase;
			buildActionMask = 2147483647;
			files = (
				40A3314C2BB21AE3005BCE19 /* ContentViewModel.swift in Sources */,
				40A588DC2BAF5097002EEA6D /* ColorRow.swift in Sources */,
				40A588E52BAF952E002EEA6D /* AppService.swift in Sources */,
				40A588D02BAF446D002EEA6D /* ContentView.swift in Sources */,
				40A588F62BAFE03C002EEA6D /* Extensions.swift in Sources */,
				40A588CE2BAF446D002EEA6D /* ColorApp.swift in Sources */,
				40A588F12BAFC02F002EEA6D /* RGB.swift in Sources */,
			);
			runOnlyForDeploymentPostprocessing = 0;
		};
/* End PBXSourcesBuildPhase section */

/* Begin XCBuildConfiguration section */
		40A588D62BAF446E002EEA6D /* Debug */ = {
			isa = XCBuildConfiguration;
			buildSettings = {
				ALWAYS_SEARCH_USER_PATHS = NO;
				ASSETCATALOG_COMPILER_GENERATE_SWIFT_ASSET_SYMBOL_EXTENSIONS = YES;
				CLANG_ANALYZER_NONNULL = YES;
				CLANG_ANALYZER_NUMBER_OBJECT_CONVERSION = YES_AGGRESSIVE;
				CLANG_CXX_LANGUAGE_STANDARD = "gnu++20";
				CLANG_ENABLE_MODULES = YES;
				CLANG_ENABLE_OBJC_ARC = YES;
				CLANG_ENABLE_OBJC_WEAK = YES;
				CLANG_WARN_BLOCK_CAPTURE_AUTORELEASING = YES;
				CLANG_WARN_BOOL_CONVERSION = YES;
				CLANG_WARN_COMMA = YES;
				CLANG_WARN_CONSTANT_CONVERSION = YES;
				CLANG_WARN_DEPRECATED_OBJC_IMPLEMENTATIONS = YES;
				CLANG_WARN_DIRECT_OBJC_ISA_USAGE = YES_ERROR;
				CLANG_WARN_DOCUMENTATION_COMMENTS = YES;
				CLANG_WARN_EMPTY_BODY = YES;
				CLANG_WARN_ENUM_CONVERSION = YES;
				CLANG_WARN_INFINITE_RECURSION = YES;
				CLANG_WARN_INT_CONVERSION = YES;
				CLANG_WARN_NON_LITERAL_NULL_CONVERSION = YES;
				CLANG_WARN_OBJC_IMPLICIT_RETAIN_SELF = YES;
				CLANG_WARN_OBJC_LITERAL_CONVERSION = YES;
				CLANG_WARN_OBJC_ROOT_CLASS = YES_ERROR;
				CLANG_WARN_QUOTED_INCLUDE_IN_FRAMEWORK_HEADER = YES;
				CLANG_WARN_RANGE_LOOP_ANALYSIS = YES;
				CLANG_WARN_STRICT_PROTOTYPES = YES;
				CLANG_WARN_SUSPICIOUS_MOVE = YES;
				CLANG_WARN_UNGUARDED_AVAILABILITY = YES_AGGRESSIVE;
				CLANG_WARN_UNREACHABLE_CODE = YES;
				CLANG_WARN__DUPLICATE_METHOD_MATCH = YES;
				COPY_PHASE_STRIP = NO;
				DEBUG_INFORMATION_FORMAT = dwarf;
				ENABLE_STRICT_OBJC_MSGSEND = YES;
				ENABLE_TESTABILITY = YES;
				ENABLE_USER_SCRIPT_SANDBOXING = YES;
				GCC_C_LANGUAGE_STANDARD = gnu17;
				GCC_DYNAMIC_NO_PIC = NO;
				GCC_NO_COMMON_BLOCKS = YES;
				GCC_OPTIMIZATION_LEVEL = 0;
				GCC_PREPROCESSOR_DEFINITIONS = (
					"DEBUG=1",
					"$(inherited)",
				);
				GCC_WARN_64_TO_32_BIT_CONVERSION = YES;
				GCC_WARN_ABOUT_RETURN_TYPE = YES_ERROR;
				GCC_WARN_UNDECLARED_SELECTOR = YES;
				GCC_WARN_UNINITIALIZED_AUTOS = YES_AGGRESSIVE;
				GCC_WARN_UNUSED_FUNCTION = YES;
				GCC_WARN_UNUSED_VARIABLE = YES;
				IPHONEOS_DEPLOYMENT_TARGET = 15.0;
				LOCALIZATION_PREFERS_STRING_CATALOGS = YES;
				MTL_ENABLE_DEBUG_INFO = INCLUDE_SOURCE;
				MTL_FAST_MATH = YES;
				ONLY_ACTIVE_ARCH = YES;
				SDKROOT = iphoneos;
				SWIFT_ACTIVE_COMPILATION_CONDITIONS = "DEBUG $(inherited)";
				SWIFT_OPTIMIZATION_LEVEL = "-Onone";
			};
			name = Debug;
		};
		40A588D72BAF446E002EEA6D /* Release */ = {
			isa = XCBuildConfiguration;
			buildSettings = {
				ALWAYS_SEARCH_USER_PATHS = NO;
				ASSETCATALOG_COMPILER_GENERATE_SWIFT_ASSET_SYMBOL_EXTENSIONS = YES;
				CLANG_ANALYZER_NONNULL = YES;
				CLANG_ANALYZER_NUMBER_OBJECT_CONVERSION = YES_AGGRESSIVE;
				CLANG_CXX_LANGUAGE_STANDARD = "gnu++20";
				CLANG_ENABLE_MODULES = YES;
				CLANG_ENABLE_OBJC_ARC = YES;
				CLANG_ENABLE_OBJC_WEAK = YES;
				CLANG_WARN_BLOCK_CAPTURE_AUTORELEASING = YES;
				CLANG_WARN_BOOL_CONVERSION = YES;
				CLANG_WARN_COMMA = YES;
				CLANG_WARN_CONSTANT_CONVERSION = YES;
				CLANG_WARN_DEPRECATED_OBJC_IMPLEMENTATIONS = YES;
				CLANG_WARN_DIRECT_OBJC_ISA_USAGE = YES_ERROR;
				CLANG_WARN_DOCUMENTATION_COMMENTS = YES;
				CLANG_WARN_EMPTY_BODY = YES;
				CLANG_WARN_ENUM_CONVERSION = YES;
				CLANG_WARN_INFINITE_RECURSION = YES;
				CLANG_WARN_INT_CONVERSION = YES;
				CLANG_WARN_NON_LITERAL_NULL_CONVERSION = YES;
				CLANG_WARN_OBJC_IMPLICIT_RETAIN_SELF = YES;
				CLANG_WARN_OBJC_LITERAL_CONVERSION = YES;
				CLANG_WARN_OBJC_ROOT_CLASS = YES_ERROR;
				CLANG_WARN_QUOTED_INCLUDE_IN_FRAMEWORK_HEADER = YES;
				CLANG_WARN_RANGE_LOOP_ANALYSIS = YES;
				CLANG_WARN_STRICT_PROTOTYPES = YES;
				CLANG_WARN_SUSPICIOUS_MOVE = YES;
				CLANG_WARN_UNGUARDED_AVAILABILITY = YES_AGGRESSIVE;
				CLANG_WARN_UNREACHABLE_CODE = YES;
				CLANG_WARN__DUPLICATE_METHOD_MATCH = YES;
				COPY_PHASE_STRIP = NO;
				DEBUG_INFORMATION_FORMAT = "dwarf-with-dsym";
				ENABLE_NS_ASSERTIONS = NO;
				ENABLE_STRICT_OBJC_MSGSEND = YES;
				ENABLE_USER_SCRIPT_SANDBOXING = YES;
				GCC_C_LANGUAGE_STANDARD = gnu17;
				GCC_NO_COMMON_BLOCKS = YES;
				GCC_WARN_64_TO_32_BIT_CONVERSION = YES;
				GCC_WARN_ABOUT_RETURN_TYPE = YES_ERROR;
				GCC_WARN_UNDECLARED_SELECTOR = YES;
				GCC_WARN_UNINITIALIZED_AUTOS = YES_AGGRESSIVE;
				GCC_WARN_UNUSED_FUNCTION = YES;
				GCC_WARN_UNUSED_VARIABLE = YES;
				IPHONEOS_DEPLOYMENT_TARGET = 15.0;
				LOCALIZATION_PREFERS_STRING_CATALOGS = YES;
				MTL_ENABLE_DEBUG_INFO = NO;
				MTL_FAST_MATH = YES;
				SDKROOT = iphoneos;
				SWIFT_COMPILATION_MODE = wholemodule;
				VALIDATE_PRODUCT = YES;
			};
			name = Release;
		};
		40A588D92BAF446E002EEA6D /* Debug */ = {
			isa = XCBuildConfiguration;
			buildSettings = {
				ASSETCATALOG_COMPILER_APPICON_NAME = AppIcon;
				ASSETCATALOG_COMPILER_GLOBAL_ACCENT_COLOR_NAME = AccentColor;
				CODE_SIGN_STYLE = Automatic;
				CURRENT_PROJECT_VERSION = 1;
				DEVELOPMENT_ASSET_PATHS = "\"Color/Preview Content\"";
				DEVELOPMENT_TEAM = N2Q372V7W2;
				ENABLE_PREVIEWS = YES;
				GENERATE_INFOPLIST_FILE = YES;
				INFOPLIST_KEY_UIApplicationSceneManifest_Generation = YES;
				INFOPLIST_KEY_UIApplicationSupportsIndirectInputEvents = YES;
				INFOPLIST_KEY_UILaunchScreen_Generation = YES;
				INFOPLIST_KEY_UISupportedInterfaceOrientations_iPad = "UIInterfaceOrientationPortrait UIInterfaceOrientationPortraitUpsideDown UIInterfaceOrientationLandscapeLeft UIInterfaceOrientationLandscapeRight";
				INFOPLIST_KEY_UISupportedInterfaceOrientations_iPhone = "UIInterfaceOrientationPortrait UIInterfaceOrientationLandscapeLeft UIInterfaceOrientationLandscapeRight";
				LD_RUNPATH_SEARCH_PATHS = (
					"$(inherited)",
					"@executable_path/Frameworks",
				);
				MARKETING_VERSION = 1.0;
				PRODUCT_BUNDLE_IDENTIFIER = com.couchbase.Color;
				PRODUCT_NAME = "$(TARGET_NAME)";
				SWIFT_EMIT_LOC_STRINGS = YES;
				SWIFT_VERSION = 5.0;
				TARGETED_DEVICE_FAMILY = "1,2";
			};
			name = Debug;
		};
		40A588DA2BAF446E002EEA6D /* Release */ = {
			isa = XCBuildConfiguration;
			buildSettings = {
				ASSETCATALOG_COMPILER_APPICON_NAME = AppIcon;
				ASSETCATALOG_COMPILER_GLOBAL_ACCENT_COLOR_NAME = AccentColor;
				CODE_SIGN_STYLE = Automatic;
				CURRENT_PROJECT_VERSION = 1;
				DEVELOPMENT_ASSET_PATHS = "\"Color/Preview Content\"";
				DEVELOPMENT_TEAM = N2Q372V7W2;
				ENABLE_PREVIEWS = YES;
				GENERATE_INFOPLIST_FILE = YES;
				INFOPLIST_KEY_UIApplicationSceneManifest_Generation = YES;
				INFOPLIST_KEY_UIApplicationSupportsIndirectInputEvents = YES;
				INFOPLIST_KEY_UILaunchScreen_Generation = YES;
				INFOPLIST_KEY_UISupportedInterfaceOrientations_iPad = "UIInterfaceOrientationPortrait UIInterfaceOrientationPortraitUpsideDown UIInterfaceOrientationLandscapeLeft UIInterfaceOrientationLandscapeRight";
				INFOPLIST_KEY_UISupportedInterfaceOrientations_iPhone = "UIInterfaceOrientationPortrait UIInterfaceOrientationLandscapeLeft UIInterfaceOrientationLandscapeRight";
				LD_RUNPATH_SEARCH_PATHS = (
					"$(inherited)",
					"@executable_path/Frameworks",
				);
				MARKETING_VERSION = 1.0;
				PRODUCT_BUNDLE_IDENTIFIER = com.couchbase.Color;
				PRODUCT_NAME = "$(TARGET_NAME)";
				SWIFT_EMIT_LOC_STRINGS = YES;
				SWIFT_VERSION = 5.0;
				TARGETED_DEVICE_FAMILY = "1,2";
			};
			name = Release;
		};
/* End XCBuildConfiguration section */

/* Begin XCConfigurationList section */
		40A588C52BAF446D002EEA6D /* Build configuration list for PBXProject "Color" */ = {
			isa = XCConfigurationList;
			buildConfigurations = (
				40A588D62BAF446E002EEA6D /* Debug */,
				40A588D72BAF446E002EEA6D /* Release */,
			);
			defaultConfigurationIsVisible = 0;
			defaultConfigurationName = Release;
		};
		40A588D82BAF446E002EEA6D /* Build configuration list for PBXNativeTarget "Color" */ = {
			isa = XCConfigurationList;
			buildConfigurations = (
				40A588D92BAF446E002EEA6D /* Debug */,
				40A588DA2BAF446E002EEA6D /* Release */,
			);
			defaultConfigurationIsVisible = 0;
			defaultConfigurationName = Release;
		};
/* End XCConfigurationList section */
	};
	rootObject = 40A588C22BAF446D002EEA6D /* Project object */;
}
