{
  "originHash" : "2796834fffaec988868403bc1f8d8ab3c077e24d0500cea5f8d45d77ac14345d",
  "pins" : [
    {
      "identity" : "couchbase-lite-ios-vector-search-spm",
      "kind" : "remoteSourceControl",
      "location" : "https://github.com/couchbase/couchbase-lite-ios-vector-search-spm/",
      "state" : {
        "revision" : "d38fad659490ae67a52585e88f6e26408fcd0815",
        "version" : "1.0.0-beta.1"
      }
    },
    {
      "identity" : "couchbase-lite-swift-ee",
      "kind" : "remoteSourceControl",
      "location" : "https://github.com/couchbase/couchbase-lite-swift-ee.git",
      "state" : {
        "revision" : "4961912218e85d0020e000fd61fe40dfa2cd9ffa",
        "version" : "3.2.0-beta.1"
      }
    }
  ],
  "version" : 3
}
